
Microsoft Visual Studio Solution File, Format Version 12.00
# Visual Studio 15
VisualStudioVersion = 15.0.26430.6
MinimumVisualStudioVersion = 10.0.40219.1
Project("{2150E333-8FDC-42A3-9474-1A3956D46DE8}") = "src", "src", "{A570CBA1-FC01-4692-96B8-9E293286DB60}"
EndProject
Project("{2150E333-8FDC-42A3-9474-1A3956D46DE8}") = "test", "test", "{246E4ACA-8701-487F-83C3-1B3B30916C8B}"
EndProject
Project("{2150E333-8FDC-42A3-9474-1A3956D46DE8}") = "Solution Items", "Solution Items", "{D75024A9-8612-4C19-B76F-B8DA78E412F6}"
	ProjectSection(SolutionItems) = preProject
		.nuget\NuGet.config = .nuget\NuGet.config
	EndProjectSection
EndProject
Project("{2150E333-8FDC-42A3-9474-1A3956D46DE8}") = "docker", "docker", "{61D1B4EA-1E74-4335-BBC3-3F85FC8E9954}"
	ProjectSection(SolutionItems) = preProject
		.dockerignore = .dockerignore
		BlueGreenfd.dockerfile = BlueGreenfd.dockerfile
		BlueGreenworker.dockerfile = BlueGreenworker.dockerfile
	EndProjectSection
EndProject
Project("{9A19103F-16F7-4668-BE54-9A1E7A4F7556}") = "BlueGreenFD", "src\BlueGreenFD\BlueGreenFD.csproj", "{DA4057F8-933E-4375-950A-0A0B5D39EE59}"
EndProject
Project("{A07B5EB6-E848-4116-A8D0-A826331D98C6}") = "BlueGreenServiceApplication", "src\BlueGreenServiceApplication\BlueGreenServiceApplication.sfproj", "{A9BDD127-32E5-4F54-8EAA-299837FFB082}"
EndProject
Project("{9A19103F-16F7-4668-BE54-9A1E7A4F7556}") = "BlueGreenServiceAuthorization", "src\BlueGreenServiceAuthorization\BlueGreenServiceAuthorization.csproj", "{2DAFC8A5-D2E6-4AF0-9262-B80EEF73F11F}"
EndProject
Project("{9A19103F-16F7-4668-BE54-9A1E7A4F7556}") = "BlueGreenServiceClient", "src\BlueGreenServiceClient\BlueGreenServiceClient.csproj", "{D133C614-6BA0-403C-9652-583F0CC2FE5F}"
EndProject
Project("{9A19103F-16F7-4668-BE54-9A1E7A4F7556}") = "BlueGreenServiceConfiguration", "src\BlueGreenServiceConfiguration\BlueGreenServiceConfiguration.csproj", "{96840F3C-0B26-4562-93CD-FD9BDB818DBD}"
EndProject
Project("{9A19103F-16F7-4668-BE54-9A1E7A4F7556}") = "BlueGreenServiceContracts", "src\BlueGreenServiceContracts\BlueGreenServiceContracts.csproj", "{3ABA0EBD-1559-4E6E-A0BD-95E9E0135F84}"
EndProject
Project("{9A19103F-16F7-4668-BE54-9A1E7A4F7556}") = "BlueGreenServiceControllers", "src\BlueGreenServiceControllers\BlueGreenServiceControllers.csproj", "{DB998C77-F892-462B-914B-A8672ACEA58B}"
EndProject
Project("{9A19103F-16F7-4668-BE54-9A1E7A4F7556}") = "BlueGreenServiceEvents", "src\BlueGreenServiceEvents\BlueGreenServiceEvents.csproj", "{13FD3792-E3EC-467A-88B7-E5938ACDFF0E}"
EndProject
Project("{9A19103F-16F7-4668-BE54-9A1E7A4F7556}") = "BlueGreenServiceExceptions", "src\BlueGreenServiceExceptions\BlueGreenServiceExceptions.csproj", "{3844293D-09E9-41F0-8651-8BFDAD55AA5E}"
EndProject
Project("{9A19103F-16F7-4668-BE54-9A1E7A4F7556}") = "BlueGreenServiceSetup", "src\BlueGreenServiceSetup\BlueGreenServiceSetup.csproj", "{A72CC411-BC4F-4FBB-8868-B8D486D4113F}"
EndProject
Project("{9A19103F-16F7-4668-BE54-9A1E7A4F7556}") = "BlueGreenWorker", "src\BlueGreenWorker\BlueGreenWorker.csproj", "{E4E9A69E-C4CE-4543-A4EE-7A383748F98C}"
EndProject
Project("{9A19103F-16F7-4668-BE54-9A1E7A4F7556}") = "BlueGreenServiceTests", "test\BlueGreenServiceAcceptanceTests\BlueGreenServiceTests.csproj", "{AB6536E0-F863-43C1-BAB2-25550D7A046A}"
EndProject
Project("{9A19103F-16F7-4668-BE54-9A1E7A4F7556}") = "BlueGreenServiceTestsCommon", "test\BlueGreenServiceTestsCommon\BlueGreenServiceTestsCommon.csproj", "{F13B967D-B9FB-407E-9050-DE804DA14D5E}"
EndProject
Global
	GlobalSection(SolutionConfigurationPlatforms) = preSolution
		Debug|Any CPU = Debug|Any CPU
		Debug|x64 = Debug|x64
		Release|Any CPU = Release|Any CPU
		Release|x64 = Release|x64
	EndGlobalSection
	GlobalSection(ProjectConfigurationPlatforms) = postSolution
		{DA4057F8-933E-4375-950A-0A0B5D39EE59}.Debug|Any CPU.ActiveCfg = Debug|Any CPU
		{DA4057F8-933E-4375-950A-0A0B5D39EE59}.Debug|Any CPU.Build.0 = Debug|Any CPU
		{DA4057F8-933E-4375-950A-0A0B5D39EE59}.Debug|x64.ActiveCfg = Debug|Any CPU
		{DA4057F8-933E-4375-950A-0A0B5D39EE59}.Debug|x64.Build.0 = Debug|Any CPU
		{DA4057F8-933E-4375-950A-0A0B5D39EE59}.Release|Any CPU.ActiveCfg = Release|Any CPU
		{DA4057F8-933E-4375-950A-0A0B5D39EE59}.Release|Any CPU.Build.0 = Release|Any CPU
		{DA4057F8-933E-4375-950A-0A0B5D39EE59}.Release|x64.ActiveCfg = Release|Any CPU
		{DA4057F8-933E-4375-950A-0A0B5D39EE59}.Release|x64.Build.0 = Release|Any CPU
		{A9BDD127-32E5-4F54-8EAA-299837FFB082}.Debug|Any CPU.ActiveCfg = Debug|x64
		{A9BDD127-32E5-4F54-8EAA-299837FFB082}.Debug|Any CPU.Build.0 = Debug|x64
		{A9BDD127-32E5-4F54-8EAA-299837FFB082}.Debug|x64.ActiveCfg = Debug|x64
		{A9BDD127-32E5-4F54-8EAA-299837FFB082}.Debug|x64.Build.0 = Debug|x64
		{A9BDD127-32E5-4F54-8EAA-299837FFB082}.Debug|x64.Deploy.0 = Debug|x64
		{A9BDD127-32E5-4F54-8EAA-299837FFB082}.Release|Any CPU.ActiveCfg = Release|x64
		{A9BDD127-32E5-4F54-8EAA-299837FFB082}.Release|Any CPU.Build.0 = Release|x64
		{A9BDD127-32E5-4F54-8EAA-299837FFB082}.Release|x64.ActiveCfg = Release|x64
		{A9BDD127-32E5-4F54-8EAA-299837FFB082}.Release|x64.Build.0 = Release|x64
		{A9BDD127-32E5-4F54-8EAA-299837FFB082}.Release|x64.Deploy.0 = Release|x64
		{2DAFC8A5-D2E6-4AF0-9262-B80EEF73F11F}.Debug|Any CPU.ActiveCfg = Debug|Any CPU
		{2DAFC8A5-D2E6-4AF0-9262-B80EEF73F11F}.Debug|Any CPU.Build.0 = Debug|Any CPU
		{2DAFC8A5-D2E6-4AF0-9262-B80EEF73F11F}.Debug|x64.ActiveCfg = Debug|Any CPU
		{2DAFC8A5-D2E6-4AF0-9262-B80EEF73F11F}.Debug|x64.Build.0 = Debug|Any CPU
		{2DAFC8A5-D2E6-4AF0-9262-B80EEF73F11F}.Release|Any CPU.ActiveCfg = Release|Any CPU
		{2DAFC8A5-D2E6-4AF0-9262-B80EEF73F11F}.Release|Any CPU.Build.0 = Release|Any CPU
		{2DAFC8A5-D2E6-4AF0-9262-B80EEF73F11F}.Release|x64.ActiveCfg = Release|Any CPU
		{2DAFC8A5-D2E6-4AF0-9262-B80EEF73F11F}.Release|x64.Build.0 = Release|Any CPU
		{D133C614-6BA0-403C-9652-583F0CC2FE5F}.Debug|Any CPU.ActiveCfg = Debug|Any CPU
		{D133C614-6BA0-403C-9652-583F0CC2FE5F}.Debug|Any CPU.Build.0 = Debug|Any CPU
		{D133C614-6BA0-403C-9652-583F0CC2FE5F}.Debug|x64.ActiveCfg = Debug|Any CPU
		{D133C614-6BA0-403C-9652-583F0CC2FE5F}.Debug|x64.Build.0 = Debug|Any CPU
		{D133C614-6BA0-403C-9652-583F0CC2FE5F}.Release|Any CPU.ActiveCfg = Release|Any CPU
		{D133C614-6BA0-403C-9652-583F0CC2FE5F}.Release|Any CPU.Build.0 = Release|Any CPU
		{D133C614-6BA0-403C-9652-583F0CC2FE5F}.Release|x64.ActiveCfg = Release|Any CPU
		{D133C614-6BA0-403C-9652-583F0CC2FE5F}.Release|x64.Build.0 = Release|Any CPU
		{96840F3C-0B26-4562-93CD-FD9BDB818DBD}.Debug|Any CPU.ActiveCfg = Debug|Any CPU
		{96840F3C-0B26-4562-93CD-FD9BDB818DBD}.Debug|Any CPU.Build.0 = Debug|Any CPU
		{96840F3C-0B26-4562-93CD-FD9BDB818DBD}.Debug|x64.ActiveCfg = Debug|Any CPU
		{96840F3C-0B26-4562-93CD-FD9BDB818DBD}.Debug|x64.Build.0 = Debug|Any CPU
		{96840F3C-0B26-4562-93CD-FD9BDB818DBD}.Release|Any CPU.ActiveCfg = Release|Any CPU
		{96840F3C-0B26-4562-93CD-FD9BDB818DBD}.Release|Any CPU.Build.0 = Release|Any CPU
		{96840F3C-0B26-4562-93CD-FD9BDB818DBD}.Release|x64.ActiveCfg = Release|Any CPU
		{96840F3C-0B26-4562-93CD-FD9BDB818DBD}.Release|x64.Build.0 = Release|Any CPU
		{3ABA0EBD-1559-4E6E-A0BD-95E9E0135F84}.Debug|Any CPU.ActiveCfg = Debug|Any CPU
		{3ABA0EBD-1559-4E6E-A0BD-95E9E0135F84}.Debug|Any CPU.Build.0 = Debug|Any CPU
		{3ABA0EBD-1559-4E6E-A0BD-95E9E0135F84}.Debug|x64.ActiveCfg = Debug|Any CPU
		{3ABA0EBD-1559-4E6E-A0BD-95E9E0135F84}.Debug|x64.Build.0 = Debug|Any CPU
		{3ABA0EBD-1559-4E6E-A0BD-95E9E0135F84}.Release|Any CPU.ActiveCfg = Release|Any CPU
		{3ABA0EBD-1559-4E6E-A0BD-95E9E0135F84}.Release|Any CPU.Build.0 = Release|Any CPU
		{3ABA0EBD-1559-4E6E-A0BD-95E9E0135F84}.Release|x64.ActiveCfg = Release|Any CPU
		{3ABA0EBD-1559-4E6E-A0BD-95E9E0135F84}.Release|x64.Build.0 = Release|Any CPU
		{DB998C77-F892-462B-914B-A8672ACEA58B}.Debug|Any CPU.ActiveCfg = Debug|Any CPU
		{DB998C77-F892-462B-914B-A8672ACEA58B}.Debug|Any CPU.Build.0 = Debug|Any CPU
		{DB998C77-F892-462B-914B-A8672ACEA58B}.Debug|x64.ActiveCfg = Debug|Any CPU
		{DB998C77-F892-462B-914B-A8672ACEA58B}.Debug|x64.Build.0 = Debug|Any CPU
		{DB998C77-F892-462B-914B-A8672ACEA58B}.Release|Any CPU.ActiveCfg = Release|Any CPU
		{DB998C77-F892-462B-914B-A8672ACEA58B}.Release|Any CPU.Build.0 = Release|Any CPU
		{DB998C77-F892-462B-914B-A8672ACEA58B}.Release|x64.ActiveCfg = Release|Any CPU
		{DB998C77-F892-462B-914B-A8672ACEA58B}.Release|x64.Build.0 = Release|Any CPU
		{13FD3792-E3EC-467A-88B7-E5938ACDFF0E}.Debug|Any CPU.ActiveCfg = Debug|Any CPU
		{13FD3792-E3EC-467A-88B7-E5938ACDFF0E}.Debug|Any CPU.Build.0 = Debug|Any CPU
		{13FD3792-E3EC-467A-88B7-E5938ACDFF0E}.Debug|x64.ActiveCfg = Debug|Any CPU
		{13FD3792-E3EC-467A-88B7-E5938ACDFF0E}.Debug|x64.Build.0 = Debug|Any CPU
		{13FD3792-E3EC-467A-88B7-E5938ACDFF0E}.Release|Any CPU.ActiveCfg = Release|Any CPU
		{13FD3792-E3EC-467A-88B7-E5938ACDFF0E}.Release|Any CPU.Build.0 = Release|Any CPU
		{13FD3792-E3EC-467A-88B7-E5938ACDFF0E}.Release|x64.ActiveCfg = Release|Any CPU
		{13FD3792-E3EC-467A-88B7-E5938ACDFF0E}.Release|x64.Build.0 = Release|Any CPU
		{3844293D-09E9-41F0-8651-8BFDAD55AA5E}.Debug|Any CPU.ActiveCfg = Debug|Any CPU
		{3844293D-09E9-41F0-8651-8BFDAD55AA5E}.Debug|Any CPU.Build.0 = Debug|Any CPU
		{3844293D-09E9-41F0-8651-8BFDAD55AA5E}.Debug|x64.ActiveCfg = Debug|Any CPU
		{3844293D-09E9-41F0-8651-8BFDAD55AA5E}.Debug|x64.Build.0 = Debug|Any CPU
		{3844293D-09E9-41F0-8651-8BFDAD55AA5E}.Release|Any CPU.ActiveCfg = Release|Any CPU
		{3844293D-09E9-41F0-8651-8BFDAD55AA5E}.Release|Any CPU.Build.0 = Release|Any CPU
		{3844293D-09E9-41F0-8651-8BFDAD55AA5E}.Release|x64.ActiveCfg = Release|Any CPU
		{3844293D-09E9-41F0-8651-8BFDAD55AA5E}.Release|x64.Build.0 = Release|Any CPU
		{A72CC411-BC4F-4FBB-8868-B8D486D4113F}.Debug|Any CPU.ActiveCfg = Debug|Any CPU
		{A72CC411-BC4F-4FBB-8868-B8D486D4113F}.Debug|Any CPU.Build.0 = Debug|Any CPU
		{A72CC411-BC4F-4FBB-8868-B8D486D4113F}.Debug|x64.ActiveCfg = Debug|Any CPU
		{A72CC411-BC4F-4FBB-8868-B8D486D4113F}.Debug|x64.Build.0 = Debug|Any CPU
		{A72CC411-BC4F-4FBB-8868-B8D486D4113F}.Release|Any CPU.ActiveCfg = Release|Any CPU
		{A72CC411-BC4F-4FBB-8868-B8D486D4113F}.Release|Any CPU.Build.0 = Release|Any CPU
		{A72CC411-BC4F-4FBB-8868-B8D486D4113F}.Release|x64.ActiveCfg = Release|Any CPU
		{A72CC411-BC4F-4FBB-8868-B8D486D4113F}.Release|x64.Build.0 = Release|Any CPU
		{E4E9A69E-C4CE-4543-A4EE-7A383748F98C}.Debug|Any CPU.ActiveCfg = Debug|Any CPU
		{E4E9A69E-C4CE-4543-A4EE-7A383748F98C}.Debug|Any CPU.Build.0 = Debug|Any CPU
		{E4E9A69E-C4CE-4543-A4EE-7A383748F98C}.Debug|x64.ActiveCfg = Debug|Any CPU
		{E4E9A69E-C4CE-4543-A4EE-7A383748F98C}.Debug|x64.Build.0 = Debug|Any CPU
		{E4E9A69E-C4CE-4543-A4EE-7A383748F98C}.Release|Any CPU.ActiveCfg = Release|Any CPU
		{E4E9A69E-C4CE-4543-A4EE-7A383748F98C}.Release|Any CPU.Build.0 = Release|Any CPU
		{E4E9A69E-C4CE-4543-A4EE-7A383748F98C}.Release|x64.ActiveCfg = Release|Any CPU
		{E4E9A69E-C4CE-4543-A4EE-7A383748F98C}.Release|x64.Build.0 = Release|Any CPU
		{AB6536E0-F863-43C1-BAB2-25550D7A046A}.Debug|Any CPU.ActiveCfg = Debug|Any CPU
		{AB6536E0-F863-43C1-BAB2-25550D7A046A}.Debug|Any CPU.Build.0 = Debug|Any CPU
		{AB6536E0-F863-43C1-BAB2-25550D7A046A}.Debug|x64.ActiveCfg = Debug|Any CPU
		{AB6536E0-F863-43C1-BAB2-25550D7A046A}.Debug|x64.Build.0 = Debug|Any CPU
		{AB6536E0-F863-43C1-BAB2-25550D7A046A}.Release|Any CPU.ActiveCfg = Release|Any CPU
		{AB6536E0-F863-43C1-BAB2-25550D7A046A}.Release|Any CPU.Build.0 = Release|Any CPU
		{AB6536E0-F863-43C1-BAB2-25550D7A046A}.Release|x64.ActiveCfg = Release|Any CPU
		{AB6536E0-F863-43C1-BAB2-25550D7A046A}.Release|x64.Build.0 = Release|Any CPU
		{F13B967D-B9FB-407E-9050-DE804DA14D5E}.Debug|Any CPU.ActiveCfg = Debug|Any CPU
		{F13B967D-B9FB-407E-9050-DE804DA14D5E}.Debug|Any CPU.Build.0 = Debug|Any CPU
		{F13B967D-B9FB-407E-9050-DE804DA14D5E}.Debug|x64.ActiveCfg = Debug|Any CPU
		{F13B967D-B9FB-407E-9050-DE804DA14D5E}.Debug|x64.Build.0 = Debug|Any CPU
		{F13B967D-B9FB-407E-9050-DE804DA14D5E}.Release|Any CPU.ActiveCfg = Release|Any CPU
		{F13B967D-B9FB-407E-9050-DE804DA14D5E}.Release|Any CPU.Build.0 = Release|Any CPU
		{F13B967D-B9FB-407E-9050-DE804DA14D5E}.Release|x64.ActiveCfg = Release|Any CPU
		{F13B967D-B9FB-407E-9050-DE804DA14D5E}.Release|x64.Build.0 = Release|Any CPU
	EndGlobalSection
	GlobalSection(SolutionProperties) = preSolution
		HideSolutionNode = FALSE
	EndGlobalSection
	GlobalSection(NestedProjects) = preSolution
		{DA4057F8-933E-4375-950A-0A0B5D39EE59} = {A570CBA1-FC01-4692-96B8-9E293286DB60}
		{A9BDD127-32E5-4F54-8EAA-299837FFB082} = {A570CBA1-FC01-4692-96B8-9E293286DB60}
		{2DAFC8A5-D2E6-4AF0-9262-B80EEF73F11F} = {A570CBA1-FC01-4692-96B8-9E293286DB60}
		{D133C614-6BA0-403C-9652-583F0CC2FE5F} = {A570CBA1-FC01-4692-96B8-9E293286DB60}
		{96840F3C-0B26-4562-93CD-FD9BDB818DBD} = {A570CBA1-FC01-4692-96B8-9E293286DB60}
		{3ABA0EBD-1559-4E6E-A0BD-95E9E0135F84} = {A570CBA1-FC01-4692-96B8-9E293286DB60}
		{DB998C77-F892-462B-914B-A8672ACEA58B} = {A570CBA1-FC01-4692-96B8-9E293286DB60}
		{13FD3792-E3EC-467A-88B7-E5938ACDFF0E} = {A570CBA1-FC01-4692-96B8-9E293286DB60}
		{3844293D-09E9-41F0-8651-8BFDAD55AA5E} = {A570CBA1-FC01-4692-96B8-9E293286DB60}
		{A72CC411-BC4F-4FBB-8868-B8D486D4113F} = {A570CBA1-FC01-4692-96B8-9E293286DB60}
		{E4E9A69E-C4CE-4543-A4EE-7A383748F98C} = {A570CBA1-FC01-4692-96B8-9E293286DB60}
		{AB6536E0-F863-43C1-BAB2-25550D7A046A} = {246E4ACA-8701-487F-83C3-1B3B30916C8B}
		{F13B967D-B9FB-407E-9050-DE804DA14D5E} = {246E4ACA-8701-487F-83C3-1B3B30916C8B}
	EndGlobalSection
	GlobalSection(ExtensibilityGlobals) = postSolution
		SolutionGuid = {B25926D3-DFDB-4564-9AD0-E5AB9E820737}
	EndGlobalSection
EndGlobal
